
Microsoft Visual Studio Solution File, Format Version 12.00
# Visual Studio 15
VisualStudioVersion = 15.0.27428.2027
MinimumVisualStudioVersion = 10.0.40219.1
Project("{FAE04EC0-301F-11D3-BF4B-00C04F79EFBC}") = "FF", "FF\FF.csproj", "{CE1BB0D2-7433-4E9F-BC5B-412F6EDEF222}"
EndProject
Global
	GlobalSection(SolutionConfigurationPlatforms) = preSolution
		Debug|x86 = Debug|x86
		Release|x86 = Release|x86
	EndGlobalSection
	GlobalSection(ProjectConfigurationPlatforms) = postSolution
		{CE1BB0D2-7433-4E9F-BC5B-412F6EDEF222}.Debug|x86.ActiveCfg = Debug|x86
		{CE1BB0D2-7433-4E9F-BC5B-412F6EDEF222}.Debug|x86.Build.0 = Debug|x86
		{CE1BB0D2-7433-4E9F-BC5B-412F6EDEF222}.Release|x86.ActiveCfg = Release|x86
		{CE1BB0D2-7433-4E9F-BC5B-412F6EDEF222}.Release|x86.Build.0 = Release|x86
	EndGlobalSection
	GlobalSection(SolutionProperties) = preSolution
		HideSolutionNode = FALSE
	EndGlobalSection
	GlobalSection(ExtensibilityGlobals) = postSolution
		SolutionGuid = {142CEC5B-F608-44DA-9C02-D1D7D03F3B3F}
	EndGlobalSection
EndGlobal
